{
    "_readme": [
        "This file locks the dependencies of your project to a known state",
        "Read more about it at https://getcomposer.org/doc/01-basic-usage.md#composer-lock-the-lock-file",
        "This file is @generated automatically"
    ],
    "content-hash": "0ff53ea227efcd679cce292dff10b592",
    "packages": [
        {
            "name": "aryelgois/objects",
            "version": "dev-master",
            "source": {
                "type": "git",
                "url": "https://github.com/aryelgois/Objects.git",
                "reference": "8d1f3e51b0e1a307c815e49bf2b090c865b83be7"
            },
            "dist": {
                "type": "zip",
                "url": "https://api.github.com/repos/aryelgois/Objects/zipball/8d1f3e51b0e1a307c815e49bf2b090c865b83be7",
                "reference": "8d1f3e51b0e1a307c815e49bf2b090c865b83be7",
                "shasum": ""
            },
            "require": {
                "aryelgois/utils": "dev-master",
                "php": "^7.0"
            },
            "type": "library",
            "autoload": {
                "psr-4": {
                    "aryelgois\\Objects\\": "src/"
                }
            },
            "notification-url": "https://packagist.org/downloads/",
            "license": [
                "MIT"
            ],
            "authors": [
                {
                    "name": "Aryel Mota Góis",
                    "role": "Developer"
                }
            ],
            "description": "General purpose instantiable classes",
            "time": "2017-09-09T13:31:04+00:00"
        },
        {
            "name": "aryelgois/utils",
            "version": "dev-master",
            "source": {
                "type": "git",
                "url": "https://github.com/aryelgois/Utils.git",
                "reference": "f290323a8bceb372f1b69aec89b2a7f6ad82a0ec"
            },
            "dist": {
                "type": "zip",
                "url": "https://api.github.com/repos/aryelgois/Utils/zipball/f290323a8bceb372f1b69aec89b2a7f6ad82a0ec",
                "reference": "f290323a8bceb372f1b69aec89b2a7f6ad82a0ec",
                "shasum": ""
            },
            "require": {
                "php": "^7.0"
            },
            "type": "library",
            "autoload": {
                "psr-4": {
                    "aryelgois\\Utils\\": "src/"
                }
            },
            "notification-url": "https://packagist.org/downloads/",
            "license": [
                "MIT"
            ],
            "authors": [
                {
                    "name": "Aryel Mota Góis",
                    "role": "Developer"
                }
            ],
            "description": "Useful methods for not repeating myself",
            "keywords": [
                "utils"
            ],
            "time": "2017-09-09T12:55:50+00:00"
        },
        {
            "name": "vria/nodiacritic",
            "version": "0.1.2",
            "source": {
                "type": "git",
                "url": "https://github.com/vria/nodiacritic.git",
                "reference": "3efeb60fb2586fe3ce8ff0f3c122d380717b8b07"
            },
            "dist": {
                "type": "zip",
                "url": "https://api.github.com/repos/vria/nodiacritic/zipball/3efeb60fb2586fe3ce8ff0f3c122d380717b8b07",
                "reference": "3efeb60fb2586fe3ce8ff0f3c122d380717b8b07",
                "shasum": ""
            },
            "require": {
                "php": ">=5.3.3"
            },
            "require-dev": {
                "phpunit/phpunit": "4.8.*"
            },
            "type": "library",
            "autoload": {
                "psr-4": {
                    "VRia\\Utils\\": "src/"
                }
            },
            "notification-url": "https://packagist.org/downloads/",
            "license": [
                "GPL-2.0"
            ],
            "authors": [
                {
                    "name": "Riabchenko Vlad",
                    "email": "contact@vria.eu",
                    "homepage": "http://vria.eu"
                }
            ],
            "description": "Tiny helper function that removes all diacritical signs from characters",
            "homepage": "https://github.com/vria/nodiacritic",
            "keywords": [
                "accent",
                "diacritic",
                "filter",
                "string",
                "text"
            ],
            "time": "2016-09-17T22:03:11+00:00"
        }
    ],
    "packages-dev": [],
    "aliases": [],
    "minimum-stability": "stable",
    "stability-flags": {
        "aryelgois/utils": 20,
        "aryelgois/objects": 20
    },
    "prefer-stable": false,
    "prefer-lowest": false,
    "platform": {
        "php": "^7.0"
    },
    "platform-dev": []
}
